{
  "requires": true,
  "lockfileVersion": 1,
  "dependencies": {
    "@types/openlayers": {
      "version": "4.6.17",
      "resolved": "https://registry.npmjs.org/@types/openlayers/-/openlayers-4.6.17.tgz",
      "integrity": "sha512-vCCV5MY3XRmHyED1ndHxXJ/5IpeA3pX9J6IKZnMY+uTerhYNfG7pM451dgS90tSkBBxszd8ETPrF5ggQ9mqwlA=="
    }
  }
}
